
Microsoft Visual Studio Solution File, Format Version 12.00
# Visual Studio Version 17
VisualStudioVersion = 17.0.32112.339
MinimumVisualStudioVersion = 10.0.40219.1
Project("{FAE04EC0-301F-11D3-BF4B-00C04F79EFBC}") = "SistemaSENAI", "Teste\SistemaSENAI.csproj", "{CCAD5974-D839-4BCE-819A-2B7E07059FAF}"
EndProject
Project("{2150E333-8FDC-42A3-9474-1A3956D46DE8}") = "PagsAluno", "PagsAluno", "{5CBA1060-767C-456B-8429-6B5624830D14}"
	ProjectSection(SolutionItems) = preProject
		Teste\Boleto.cs = Teste\Boleto.cs
		Teste\Boleto.Designer.cs = Teste\Boleto.Designer.cs
		Teste\Boleto.resx = Teste\Boleto.resx
		Teste\Calendario.cs = Teste\Calendario.cs
		Teste\Calendario.Designer.cs = Teste\Calendario.Designer.cs
		Teste\Calendario.resx = Teste\Calendario.resx
		Teste\Carteirinha.cs = Teste\Carteirinha.cs
		Teste\Carteirinha.Designer.cs = Teste\Carteirinha.Designer.cs
		Teste\Carteirinha.resx = Teste\Carteirinha.resx
		Teste\Faltas.cs = Teste\Faltas.cs
		Teste\Faltas.Designer.cs = Teste\Faltas.Designer.cs
		Teste\Faltas.resx = Teste\Faltas.resx
		Teste\GradeCurricular.cs = Teste\GradeCurricular.cs
		Teste\GradeCurricular.Designer.cs = Teste\GradeCurricular.Designer.cs
		Teste\GradeCurricular.resx = Teste\GradeCurricular.resx
		Teste\Notas.cs = Teste\Notas.cs
		Teste\Notas.Designer.cs = Teste\Notas.Designer.cs
		Teste\Notas.resx = Teste\Notas.resx
		Teste\QuadroDeHorarios.cs = Teste\QuadroDeHorarios.cs
		Teste\QuadroDeHorarios.Designer.cs = Teste\QuadroDeHorarios.Designer.cs
		Teste\QuadroDeHorarios.resx = Teste\QuadroDeHorarios.resx
		Teste\Rematricula.cs = Teste\Rematricula.cs
		Teste\Rematricula.Designer.cs = Teste\Rematricula.Designer.cs
		Teste\Rematricula.resx = Teste\Rematricula.resx
	EndProjectSection
EndProject
Global
	GlobalSection(SolutionConfigurationPlatforms) = preSolution
		Debug|Any CPU = Debug|Any CPU
		Release|Any CPU = Release|Any CPU
	EndGlobalSection
	GlobalSection(ProjectConfigurationPlatforms) = postSolution
		{CCAD5974-D839-4BCE-819A-2B7E07059FAF}.Debug|Any CPU.ActiveCfg = Debug|Any CPU
		{CCAD5974-D839-4BCE-819A-2B7E07059FAF}.Debug|Any CPU.Build.0 = Debug|Any CPU
		{CCAD5974-D839-4BCE-819A-2B7E07059FAF}.Release|Any CPU.ActiveCfg = Release|Any CPU
		{CCAD5974-D839-4BCE-819A-2B7E07059FAF}.Release|Any CPU.Build.0 = Release|Any CPU
	EndGlobalSection
	GlobalSection(SolutionProperties) = preSolution
		HideSolutionNode = FALSE
	EndGlobalSection
	GlobalSection(ExtensibilityGlobals) = postSolution
		SolutionGuid = {EBE3CBE3-D250-411F-ACBE-08533D0957B1}
	EndGlobalSection
EndGlobal
